// !$*UTF8*$!
{
	archiveVersion = 1;
	classes = {
	};
	objectVersion = 56;
	objects = {

/* Begin PBXBuildFile section */
		0B67777A2A1110B70099B7F7 /* CustomTabBar.swift in Sources */ = {isa = PBXBuildFile; fileRef = 0B6777792A1110B70099B7F7 /* CustomTabBar.swift */; };
		0B67777F2A1111150099B7F7 /* Poppins-Medium.ttf in Resources */ = {isa = PBXBuildFile; fileRef = 0B67777C2A1111150099B7F7 /* Poppins-Medium.ttf */; };
		0B6777802A1111150099B7F7 /* Poppins-Regular.ttf in Resources */ = {isa = PBXBuildFile; fileRef = 0B67777D2A1111150099B7F7 /* Poppins-Regular.ttf */; };
		0B6777812A1111150099B7F7 /* Poppins-SemiBold.ttf in Resources */ = {isa = PBXBuildFile; fileRef = 0B67777E2A1111150099B7F7 /* Poppins-SemiBold.ttf */; };
		1A85E7D5E59C5847A8991081 /* libPods-OzFair.a in Frameworks */ = {isa = PBXBuildFile; fileRef = D82BF8767DBC1BFC4EDB779A /* libPods-OzFair.a */; };
		1D137E152A11545A0038AE2E /* TransferViewModel.swift in Sources */ = {isa = PBXBuildFile; fileRef = 1D137E142A11545A0038AE2E /* TransferViewModel.swift */; };
		1D230AB52A108B7E009E074A /* TransferService.swift in Sources */ = {isa = PBXBuildFile; fileRef = 1D230AB22A108B7E009E074A /* TransferService.swift */; };
		5D0349AC2A090B3700D5E43D /* OzFairApp.swift in Sources */ = {isa = PBXBuildFile; fileRef = 5D0349AB2A090B3700D5E43D /* OzFairApp.swift */; };
		5D0349B02A090B3800D5E43D /* Assets.xcassets in Resources */ = {isa = PBXBuildFile; fileRef = 5D0349AF2A090B3800D5E43D /* Assets.xcassets */; };
		5D0349B32A090B3800D5E43D /* Preview Assets.xcassets in Resources */ = {isa = PBXBuildFile; fileRef = 5D0349B22A090B3800D5E43D /* Preview Assets.xcassets */; };
		5D0349BD2A09150E00D5E43D /* ContentView.swift in Sources */ = {isa = PBXBuildFile; fileRef = 5D0349BC2A09150E00D5E43D /* ContentView.swift */; };
		5D1247182A09C05900AEDBA5 /* Datastore.swift in Sources */ = {isa = PBXBuildFile; fileRef = 5D1247172A09C05900AEDBA5 /* Datastore.swift */; };
		5D12471A2A09C06500AEDBA5 /* Definitions.swift in Sources */ = {isa = PBXBuildFile; fileRef = 5D1247192A09C06500AEDBA5 /* Definitions.swift */; };
		5D12471C2A09C07100AEDBA5 /* Helpers.swift in Sources */ = {isa = PBXBuildFile; fileRef = 5D12471B2A09C07100AEDBA5 /* Helpers.swift */; };
		5D12471E2A09C26600AEDBA5 /* Colors.swift in Sources */ = {isa = PBXBuildFile; fileRef = 5D12471D2A09C26600AEDBA5 /* Colors.swift */; };
		5D1247202A09C2ED00AEDBA5 /* .gitignore in Resources */ = {isa = PBXBuildFile; fileRef = 5D12471F2A09C2ED00AEDBA5 /* .gitignore */; };
		5D1247222A09CA8E00AEDBA5 /* Tabs.swift in Sources */ = {isa = PBXBuildFile; fileRef = 5D1247212A09CA8E00AEDBA5 /* Tabs.swift */; };
		5D1247242A09CD3900AEDBA5 /* BalanceCard.swift in Sources */ = {isa = PBXBuildFile; fileRef = 5D1247232A09CD3900AEDBA5 /* BalanceCard.swift */; };
		5D1247262A09D63900AEDBA5 /* List.swift in Sources */ = {isa = PBXBuildFile; fileRef = 5D1247252A09D63900AEDBA5 /* List.swift */; };
		5D1247282A09F01000AEDBA5 /* Grid.swift in Sources */ = {isa = PBXBuildFile; fileRef = 5D1247272A09F01000AEDBA5 /* Grid.swift */; };
		5D12472A2A0A0F8500AEDBA5 /* MoneyInput.swift in Sources */ = {isa = PBXBuildFile; fileRef = 5D1247292A0A0F8500AEDBA5 /* MoneyInput.swift */; };
		5D12472C2A0A119600AEDBA5 /* Button.swift in Sources */ = {isa = PBXBuildFile; fileRef = 5D12472B2A0A119600AEDBA5 /* Button.swift */; };
		5D12472E2A0A19CC00AEDBA5 /* GroupCard.swift in Sources */ = {isa = PBXBuildFile; fileRef = 5D12472D2A0A19CC00AEDBA5 /* GroupCard.swift */; };
		5D1247302A0A298500AEDBA5 /* UserCircleStack.swift in Sources */ = {isa = PBXBuildFile; fileRef = 5D12472F2A0A298500AEDBA5 /* UserCircleStack.swift */; };
		5D76F1BA2A10C7840048AA14 /* NewExpense.swift in Sources */ = {isa = PBXBuildFile; fileRef = 5D76F1B92A10C7840048AA14 /* NewExpense.swift */; };
		5D76F1BE2A11A4470048AA14 /* SettleUp.swift in Sources */ = {isa = PBXBuildFile; fileRef = 5D76F1BD2A11A4470048AA14 /* SettleUp.swift */; };
/* End PBXBuildFile section */

/* Begin PBXFileReference section */
		0B6777792A1110B70099B7F7 /* CustomTabBar.swift */ = {isa = PBXFileReference; fileEncoding = 4; lastKnownFileType = sourcecode.swift; path = CustomTabBar.swift; sourceTree = "<group>"; };
		0B67777C2A1111150099B7F7 /* Poppins-Medium.ttf */ = {isa = PBXFileReference; lastKnownFileType = file; path = "Poppins-Medium.ttf"; sourceTree = "<group>"; };
		0B67777D2A1111150099B7F7 /* Poppins-Regular.ttf */ = {isa = PBXFileReference; lastKnownFileType = file; path = "Poppins-Regular.ttf"; sourceTree = "<group>"; };
		0B67777E2A1111150099B7F7 /* Poppins-SemiBold.ttf */ = {isa = PBXFileReference; lastKnownFileType = file; path = "Poppins-SemiBold.ttf"; sourceTree = "<group>"; };
		0B6777822A1111270099B7F7 /* Info.plist */ = {isa = PBXFileReference; lastKnownFileType = text.plist; path = Info.plist; sourceTree = "<group>"; };
		1D137E142A11545A0038AE2E /* TransferViewModel.swift */ = {isa = PBXFileReference; lastKnownFileType = sourcecode.swift; path = TransferViewModel.swift; sourceTree = "<group>"; };
		1D230AB22A108B7E009E074A /* TransferService.swift */ = {isa = PBXFileReference; fileEncoding = 4; lastKnownFileType = sourcecode.swift; path = TransferService.swift; sourceTree = "<group>"; };
		5D0349A82A090B3700D5E43D /* OzFair.app */ = {isa = PBXFileReference; explicitFileType = wrapper.application; includeInIndex = 0; path = OzFair.app; sourceTree = BUILT_PRODUCTS_DIR; };
		5D0349AB2A090B3700D5E43D /* OzFairApp.swift */ = {isa = PBXFileReference; lastKnownFileType = sourcecode.swift; path = OzFairApp.swift; sourceTree = "<group>"; };
		5D0349AF2A090B3800D5E43D /* Assets.xcassets */ = {isa = PBXFileReference; lastKnownFileType = folder.assetcatalog; path = Assets.xcassets; sourceTree = "<group>"; };
		5D0349B22A090B3800D5E43D /* Preview Assets.xcassets */ = {isa = PBXFileReference; lastKnownFileType = folder.assetcatalog; path = "Preview Assets.xcassets"; sourceTree = "<group>"; };
		5D0349BC2A09150E00D5E43D /* ContentView.swift */ = {isa = PBXFileReference; lastKnownFileType = sourcecode.swift; path = ContentView.swift; sourceTree = "<group>"; };
		5D1247172A09C05900AEDBA5 /* Datastore.swift */ = {isa = PBXFileReference; lastKnownFileType = sourcecode.swift; path = Datastore.swift; sourceTree = "<group>"; };
		5D1247192A09C06500AEDBA5 /* Definitions.swift */ = {isa = PBXFileReference; lastKnownFileType = sourcecode.swift; path = Definitions.swift; sourceTree = "<group>"; };
		5D12471B2A09C07100AEDBA5 /* Helpers.swift */ = {isa = PBXFileReference; lastKnownFileType = sourcecode.swift; path = Helpers.swift; sourceTree = "<group>"; };
		5D12471D2A09C26600AEDBA5 /* Colors.swift */ = {isa = PBXFileReference; lastKnownFileType = sourcecode.swift; path = Colors.swift; sourceTree = "<group>"; };
		5D12471F2A09C2ED00AEDBA5 /* .gitignore */ = {isa = PBXFileReference; lastKnownFileType = text; path = .gitignore; sourceTree = "<group>"; };
		5D1247212A09CA8E00AEDBA5 /* Tabs.swift */ = {isa = PBXFileReference; lastKnownFileType = sourcecode.swift; path = Tabs.swift; sourceTree = "<group>"; };
		5D1247232A09CD3900AEDBA5 /* BalanceCard.swift */ = {isa = PBXFileReference; lastKnownFileType = sourcecode.swift; path = BalanceCard.swift; sourceTree = "<group>"; };
		5D1247252A09D63900AEDBA5 /* List.swift */ = {isa = PBXFileReference; lastKnownFileType = sourcecode.swift; path = List.swift; sourceTree = "<group>"; };
		5D1247272A09F01000AEDBA5 /* Grid.swift */ = {isa = PBXFileReference; lastKnownFileType = sourcecode.swift; path = Grid.swift; sourceTree = "<group>"; };
		5D1247292A0A0F8500AEDBA5 /* MoneyInput.swift */ = {isa = PBXFileReference; lastKnownFileType = sourcecode.swift; path = MoneyInput.swift; sourceTree = "<group>"; };
		5D12472B2A0A119600AEDBA5 /* Button.swift */ = {isa = PBXFileReference; lastKnownFileType = sourcecode.swift; path = Button.swift; sourceTree = "<group>"; };
		5D12472D2A0A19CC00AEDBA5 /* GroupCard.swift */ = {isa = PBXFileReference; lastKnownFileType = sourcecode.swift; path = GroupCard.swift; sourceTree = "<group>"; };
		5D12472F2A0A298500AEDBA5 /* UserCircleStack.swift */ = {isa = PBXFileReference; lastKnownFileType = sourcecode.swift; path = UserCircleStack.swift; sourceTree = "<group>"; };
		5D76F1B92A10C7840048AA14 /* NewExpense.swift */ = {isa = PBXFileReference; lastKnownFileType = sourcecode.swift; path = NewExpense.swift; sourceTree = "<group>"; };
		5D76F1BD2A11A4470048AA14 /* SettleUp.swift */ = {isa = PBXFileReference; lastKnownFileType = sourcecode.swift; path = SettleUp.swift; sourceTree = "<group>"; };
		918FE5982CC27AEFDDFCC208 /* Pods-OzFair.debug.xcconfig */ = {isa = PBXFileReference; includeInIndex = 1; lastKnownFileType = text.xcconfig; name = "Pods-OzFair.debug.xcconfig"; path = "Target Support Files/Pods-OzFair/Pods-OzFair.debug.xcconfig"; sourceTree = "<group>"; };
		BED5D49CEF0DF812FA9C069A /* Pods-OzFair.release.xcconfig */ = {isa = PBXFileReference; includeInIndex = 1; lastKnownFileType = text.xcconfig; name = "Pods-OzFair.release.xcconfig"; path = "Target Support Files/Pods-OzFair/Pods-OzFair.release.xcconfig"; sourceTree = "<group>"; };
		D82BF8767DBC1BFC4EDB779A /* libPods-OzFair.a */ = {isa = PBXFileReference; explicitFileType = archive.ar; includeInIndex = 0; path = "libPods-OzFair.a"; sourceTree = BUILT_PRODUCTS_DIR; };
/* End PBXFileReference section */

/* Begin PBXFrameworksBuildPhase section */
		5D0349A52A090B3700D5E43D /* Frameworks */ = {
			isa = PBXFrameworksBuildPhase;
			buildActionMask = 2147483647;
			files = (
				1A85E7D5E59C5847A8991081 /* libPods-OzFair.a in Frameworks */,
			);
			runOnlyForDeploymentPostprocessing = 0;
		};
/* End PBXFrameworksBuildPhase section */

/* Begin PBXGroup section */
		0B67777B2A1110FB0099B7F7 /* Fonts */ = {
			isa = PBXGroup;
			children = (
				0B67777C2A1111150099B7F7 /* Poppins-Medium.ttf */,
				0B67777D2A1111150099B7F7 /* Poppins-Regular.ttf */,
				0B67777E2A1111150099B7F7 /* Poppins-SemiBold.ttf */,
			);
			path = Fonts;
			sourceTree = "<group>";
		};
		4202251212A29BF75BDBC84E /* Frameworks */ = {
			isa = PBXGroup;
			children = (
				D82BF8767DBC1BFC4EDB779A /* libPods-OzFair.a */,
			);
			name = Frameworks;
			sourceTree = "<group>";
		};
		5D03499F2A090B3700D5E43D = {
			isa = PBXGroup;
			children = (
				5D12471F2A09C2ED00AEDBA5 /* .gitignore */,
				5D0349AA2A090B3700D5E43D /* OzFair */,
				5D0349A92A090B3700D5E43D /* Products */,
				E3ABEED2C15739C0F254403A /* Pods */,
				4202251212A29BF75BDBC84E /* Frameworks */,
			);
			sourceTree = "<group>";
		};
		5D0349A92A090B3700D5E43D /* Products */ = {
			isa = PBXGroup;
			children = (
				5D0349A82A090B3700D5E43D /* OzFair.app */,
			);
			name = Products;
			sourceTree = "<group>";
		};
		5D0349AA2A090B3700D5E43D /* OzFair */ = {
			isa = PBXGroup;
			children = (
				0B6777822A1111270099B7F7 /* Info.plist */,
				0B67777B2A1110FB0099B7F7 /* Fonts */,
				5D12470B2A09BFA000AEDBA5 /* Model */,
				5D0349BA2A0910D700D5E43D /* ViewController */,
				5D0349AB2A090B3700D5E43D /* OzFairApp.swift */,
				5D0349AF2A090B3800D5E43D /* Assets.xcassets */,
				5D0349B12A090B3800D5E43D /* Preview Content */,
			);
			path = OzFair;
			sourceTree = "<group>";
		};
		5D0349B12A090B3800D5E43D /* Preview Content */ = {
			isa = PBXGroup;
			children = (
				5D0349B22A090B3800D5E43D /* Preview Assets.xcassets */,
			);
			path = "Preview Content";
			sourceTree = "<group>";
		};
		5D0349BA2A0910D700D5E43D /* ViewController */ = {
			isa = PBXGroup;
			children = (
				0B6777792A1110B70099B7F7 /* CustomTabBar.swift */,
				5D0349BC2A09150E00D5E43D /* ContentView.swift */,
				5D1247212A09CA8E00AEDBA5 /* Tabs.swift */,
				5D1247232A09CD3900AEDBA5 /* BalanceCard.swift */,
				5D12472D2A0A19CC00AEDBA5 /* GroupCard.swift */,
				5D1247252A09D63900AEDBA5 /* List.swift */,
				5D1247272A09F01000AEDBA5 /* Grid.swift */,
				5D1247292A0A0F8500AEDBA5 /* MoneyInput.swift */,
				5D12472B2A0A119600AEDBA5 /* Button.swift */,
				5D12472F2A0A298500AEDBA5 /* UserCircleStack.swift */,
				5D76F1B92A10C7840048AA14 /* NewExpense.swift */,
				5D76F1BD2A11A4470048AA14 /* SettleUp.swift */,
			);
			path = ViewController;
			sourceTree = "<group>";
		};
		5D12470B2A09BFA000AEDBA5 /* Model */ = {
			isa = PBXGroup;
			children = (
				1D230AB22A108B7E009E074A /* TransferService.swift */,
				1D137E142A11545A0038AE2E /* TransferViewModel.swift */,
				5D1247172A09C05900AEDBA5 /* Datastore.swift */,
				5D1247192A09C06500AEDBA5 /* Definitions.swift */,
				5D12471B2A09C07100AEDBA5 /* Helpers.swift */,
				5D12471D2A09C26600AEDBA5 /* Colors.swift */,
			);
			path = Model;
			sourceTree = "<group>";
		};
		E3ABEED2C15739C0F254403A /* Pods */ = {
			isa = PBXGroup;
			children = (
				918FE5982CC27AEFDDFCC208 /* Pods-OzFair.debug.xcconfig */,
				BED5D49CEF0DF812FA9C069A /* Pods-OzFair.release.xcconfig */,
			);
			path = Pods;
			sourceTree = "<group>";
		};
/* End PBXGroup section */

/* Begin PBXNativeTarget section */
		5D0349A72A090B3700D5E43D /* OzFair */ = {
			isa = PBXNativeTarget;
			buildConfigurationList = 5D0349B62A090B3800D5E43D /* Build configuration list for PBXNativeTarget "OzFair" */;
			buildPhases = (
				A57698BE5DEF3A1D56BF4FA0 /* [CP] Check Pods Manifest.lock */,
				5D0349A42A090B3700D5E43D /* Sources */,
				5D0349A52A090B3700D5E43D /* Frameworks */,
				5D0349A62A090B3700D5E43D /* Resources */,
			);
			buildRules = (
			);
			dependencies = (
			);
			name = OzFair;
			productName = OzFair;
			productReference = 5D0349A82A090B3700D5E43D /* OzFair.app */;
			productType = "com.apple.product-type.application";
		};
/* End PBXNativeTarget section */

/* Begin PBXProject section */
		5D0349A02A090B3700D5E43D /* Project object */ = {
			isa = PBXProject;
			attributes = {
				BuildIndependentTargetsInParallel = 1;
				LastSwiftUpdateCheck = 1430;
				LastUpgradeCheck = 1430;
				TargetAttributes = {
					5D0349A72A090B3700D5E43D = {
						CreatedOnToolsVersion = 14.3;
					};
				};
			};
			buildConfigurationList = 5D0349A32A090B3700D5E43D /* Build configuration list for PBXProject "OzFair" */;
			compatibilityVersion = "Xcode 14.0";
			developmentRegion = en;
			hasScannedForEncodings = 0;
			knownRegions = (
				en,
				Base,
			);
			mainGroup = 5D03499F2A090B3700D5E43D;
			productRefGroup = 5D0349A92A090B3700D5E43D /* Products */;
			projectDirPath = "";
			projectRoot = "";
			targets = (
				5D0349A72A090B3700D5E43D /* OzFair */,
			);
		};
/* End PBXProject section */

/* Begin PBXResourcesBuildPhase section */
		5D0349A62A090B3700D5E43D /* Resources */ = {
			isa = PBXResourcesBuildPhase;
			buildActionMask = 2147483647;
			files = (
				5D0349B32A090B3800D5E43D /* Preview Assets.xcassets in Resources */,
				0B67777F2A1111150099B7F7 /* Poppins-Medium.ttf in Resources */,
				5D1247202A09C2ED00AEDBA5 /* .gitignore in Resources */,
				0B6777812A1111150099B7F7 /* Poppins-SemiBold.ttf in Resources */,
				5D0349B02A090B3800D5E43D /* Assets.xcassets in Resources */,
				0B6777802A1111150099B7F7 /* Poppins-Regular.ttf in Resources */,
			);
			runOnlyForDeploymentPostprocessing = 0;
		};
/* End PBXResourcesBuildPhase section */

/* Begin PBXShellScriptBuildPhase section */
		A57698BE5DEF3A1D56BF4FA0 /* [CP] Check Pods Manifest.lock */ = {
			isa = PBXShellScriptBuildPhase;
			buildActionMask = 2147483647;
			files = (
			);
			inputFileListPaths = (
			);
			inputPaths = (
				"${PODS_PODFILE_DIR_PATH}/Podfile.lock",
				"${PODS_ROOT}/Manifest.lock",
			);
			name = "[CP] Check Pods Manifest.lock";
			outputFileListPaths = (
			);
			outputPaths = (
				"$(DERIVED_FILE_DIR)/Pods-OzFair-checkManifestLockResult.txt",
			);
			runOnlyForDeploymentPostprocessing = 0;
			shellPath = /bin/sh;
			shellScript = "diff \"${PODS_PODFILE_DIR_PATH}/Podfile.lock\" \"${PODS_ROOT}/Manifest.lock\" > /dev/null\nif [ $? != 0 ] ; then\n    # print error to STDERR\n    echo \"error: The sandbox is not in sync with the Podfile.lock. Run 'pod install' or update your CocoaPods installation.\" >&2\n    exit 1\nfi\n# This output is used by Xcode 'outputs' to avoid re-running this script phase.\necho \"SUCCESS\" > \"${SCRIPT_OUTPUT_FILE_0}\"\n";
			showEnvVarsInLog = 0;
		};
/* End PBXShellScriptBuildPhase section */

/* Begin PBXSourcesBuildPhase section */
		5D0349A42A090B3700D5E43D /* Sources */ = {
			isa = PBXSourcesBuildPhase;
			buildActionMask = 2147483647;
			files = (
				5D12471A2A09C06500AEDBA5 /* Definitions.swift in Sources */,
				5D1247302A0A298500AEDBA5 /* UserCircleStack.swift in Sources */,
				5D0349BD2A09150E00D5E43D /* ContentView.swift in Sources */,
				5D12471C2A09C07100AEDBA5 /* Helpers.swift in Sources */,
				5D12472E2A0A19CC00AEDBA5 /* GroupCard.swift in Sources */,
				5D76F1BA2A10C7840048AA14 /* NewExpense.swift in Sources */,
				5D1247262A09D63900AEDBA5 /* List.swift in Sources */,
				5D1247282A09F01000AEDBA5 /* Grid.swift in Sources */,
				5D1247242A09CD3900AEDBA5 /* BalanceCard.swift in Sources */,
				5D76F1BE2A11A4470048AA14 /* SettleUp.swift in Sources */,
				5D12471E2A09C26600AEDBA5 /* Colors.swift in Sources */,
				5D12472A2A0A0F8500AEDBA5 /* MoneyInput.swift in Sources */,
				5D1247182A09C05900AEDBA5 /* Datastore.swift in Sources */,
				1D230AB52A108B7E009E074A /* TransferService.swift in Sources */,
				5D0349AC2A090B3700D5E43D /* OzFairApp.swift in Sources */,
				0B67777A2A1110B70099B7F7 /* CustomTabBar.swift in Sources */,
				5D12472C2A0A119600AEDBA5 /* Button.swift in Sources */,
				1D137E152A11545A0038AE2E /* TransferViewModel.swift in Sources */,
				5D1247222A09CA8E00AEDBA5 /* Tabs.swift in Sources */,
			);
			runOnlyForDeploymentPostprocessing = 0;
		};
/* End PBXSourcesBuildPhase section */

/* Begin XCBuildConfiguration section */
		5D0349B42A090B3800D5E43D /* Debug */ = {
			isa = XCBuildConfiguration;
			buildSettings = {
				ALWAYS_SEARCH_USER_PATHS = NO;
				CLANG_ANALYZER_NONNULL = YES;
				CLANG_ANALYZER_NUMBER_OBJECT_CONVERSION = YES_AGGRESSIVE;
				CLANG_CXX_LANGUAGE_STANDARD = "gnu++20";
				CLANG_ENABLE_MODULES = YES;
				CLANG_ENABLE_OBJC_ARC = YES;
				CLANG_ENABLE_OBJC_WEAK = YES;
				CLANG_WARN_BLOCK_CAPTURE_AUTORELEASING = YES;
				CLANG_WARN_BOOL_CONVERSION = YES;
				CLANG_WARN_COMMA = YES;
				CLANG_WARN_CONSTANT_CONVERSION = YES;
				CLANG_WARN_DEPRECATED_OBJC_IMPLEMENTATIONS = YES;
				CLANG_WARN_DIRECT_OBJC_ISA_USAGE = YES_ERROR;
				CLANG_WARN_DOCUMENTATION_COMMENTS = YES;
				CLANG_WARN_EMPTY_BODY = YES;
				CLANG_WARN_ENUM_CONVERSION = YES;
				CLANG_WARN_INFINITE_RECURSION = YES;
				CLANG_WARN_INT_CONVERSION = YES;
				CLANG_WARN_NON_LITERAL_NULL_CONVERSION = YES;
				CLANG_WARN_OBJC_IMPLICIT_RETAIN_SELF = YES;
				CLANG_WARN_OBJC_LITERAL_CONVERSION = YES;
				CLANG_WARN_OBJC_ROOT_CLASS = YES_ERROR;
				CLANG_WARN_QUOTED_INCLUDE_IN_FRAMEWORK_HEADER = YES;
				CLANG_WARN_RANGE_LOOP_ANALYSIS = YES;
				CLANG_WARN_STRICT_PROTOTYPES = YES;
				CLANG_WARN_SUSPICIOUS_MOVE = YES;
				CLANG_WARN_UNGUARDED_AVAILABILITY = YES_AGGRESSIVE;
				CLANG_WARN_UNREACHABLE_CODE = YES;
				CLANG_WARN__DUPLICATE_METHOD_MATCH = YES;
				COPY_PHASE_STRIP = NO;
				DEBUG_INFORMATION_FORMAT = dwarf;
				ENABLE_STRICT_OBJC_MSGSEND = YES;
				ENABLE_TESTABILITY = YES;
				GCC_C_LANGUAGE_STANDARD = gnu11;
				GCC_DYNAMIC_NO_PIC = NO;
				GCC_NO_COMMON_BLOCKS = YES;
				GCC_OPTIMIZATION_LEVEL = 0;
				GCC_PREPROCESSOR_DEFINITIONS = (
					"DEBUG=1",
					"$(inherited)",
				);
				GCC_WARN_64_TO_32_BIT_CONVERSION = YES;
				GCC_WARN_ABOUT_RETURN_TYPE = YES_ERROR;
				GCC_WARN_UNDECLARED_SELECTOR = YES;
				GCC_WARN_UNINITIALIZED_AUTOS = YES_AGGRESSIVE;
				GCC_WARN_UNUSED_FUNCTION = YES;
				GCC_WARN_UNUSED_VARIABLE = YES;
				IPHONEOS_DEPLOYMENT_TARGET = 16.4;
				MTL_ENABLE_DEBUG_INFO = INCLUDE_SOURCE;
				MTL_FAST_MATH = YES;
				ONLY_ACTIVE_ARCH = YES;
				SDKROOT = iphoneos;
				SWIFT_ACTIVE_COMPILATION_CONDITIONS = DEBUG;
				SWIFT_OPTIMIZATION_LEVEL = "-Onone";
			};
			name = Debug;
		};
		5D0349B52A090B3800D5E43D /* Release */ = {
			isa = XCBuildConfiguration;
			buildSettings = {
				ALWAYS_SEARCH_USER_PATHS = NO;
				CLANG_ANALYZER_NONNULL = YES;
				CLANG_ANALYZER_NUMBER_OBJECT_CONVERSION = YES_AGGRESSIVE;
				CLANG_CXX_LANGUAGE_STANDARD = "gnu++20";
				CLANG_ENABLE_MODULES = YES;
				CLANG_ENABLE_OBJC_ARC = YES;
				CLANG_ENABLE_OBJC_WEAK = YES;
				CLANG_WARN_BLOCK_CAPTURE_AUTORELEASING = YES;
				CLANG_WARN_BOOL_CONVERSION = YES;
				CLANG_WARN_COMMA = YES;
				CLANG_WARN_CONSTANT_CONVERSION = YES;
				CLANG_WARN_DEPRECATED_OBJC_IMPLEMENTATIONS = YES;
				CLANG_WARN_DIRECT_OBJC_ISA_USAGE = YES_ERROR;
				CLANG_WARN_DOCUMENTATION_COMMENTS = YES;
				CLANG_WARN_EMPTY_BODY = YES;
				CLANG_WARN_ENUM_CONVERSION = YES;
				CLANG_WARN_INFINITE_RECURSION = YES;
				CLANG_WARN_INT_CONVERSION = YES;
				CLANG_WARN_NON_LITERAL_NULL_CONVERSION = YES;
				CLANG_WARN_OBJC_IMPLICIT_RETAIN_SELF = YES;
				CLANG_WARN_OBJC_LITERAL_CONVERSION = YES;
				CLANG_WARN_OBJC_ROOT_CLASS = YES_ERROR;
				CLANG_WARN_QUOTED_INCLUDE_IN_FRAMEWORK_HEADER = YES;
				CLANG_WARN_RANGE_LOOP_ANALYSIS = YES;
				CLANG_WARN_STRICT_PROTOTYPES = YES;
				CLANG_WARN_SUSPICIOUS_MOVE = YES;
				CLANG_WARN_UNGUARDED_AVAILABILITY = YES_AGGRESSIVE;
				CLANG_WARN_UNREACHABLE_CODE = YES;
				CLANG_WARN__DUPLICATE_METHOD_MATCH = YES;
				COPY_PHASE_STRIP = NO;
				DEBUG_INFORMATION_FORMAT = "dwarf-with-dsym";
				ENABLE_NS_ASSERTIONS = NO;
				ENABLE_STRICT_OBJC_MSGSEND = YES;
				GCC_C_LANGUAGE_STANDARD = gnu11;
				GCC_NO_COMMON_BLOCKS = YES;
				GCC_WARN_64_TO_32_BIT_CONVERSION = YES;
				GCC_WARN_ABOUT_RETURN_TYPE = YES_ERROR;
				GCC_WARN_UNDECLARED_SELECTOR = YES;
				GCC_WARN_UNINITIALIZED_AUTOS = YES_AGGRESSIVE;
				GCC_WARN_UNUSED_FUNCTION = YES;
				GCC_WARN_UNUSED_VARIABLE = YES;
				IPHONEOS_DEPLOYMENT_TARGET = 16.4;
				MTL_ENABLE_DEBUG_INFO = NO;
				MTL_FAST_MATH = YES;
				SDKROOT = iphoneos;
				SWIFT_COMPILATION_MODE = wholemodule;
				SWIFT_OPTIMIZATION_LEVEL = "-O";
				VALIDATE_PRODUCT = YES;
			};
			name = Release;
		};
		5D0349B72A090B3800D5E43D /* Debug */ = {
			isa = XCBuildConfiguration;
			baseConfigurationReference = 918FE5982CC27AEFDDFCC208 /* Pods-OzFair.debug.xcconfig */;
			buildSettings = {
				ASSETCATALOG_COMPILER_APPICON_NAME = AppIcon;
				ASSETCATALOG_COMPILER_GLOBAL_ACCENT_COLOR_NAME = AccentColor;
				CODE_SIGN_STYLE = Automatic;
				CURRENT_PROJECT_VERSION = 1;
				DEVELOPMENT_ASSET_PATHS = "\"OzFair/Preview Content\"";
				DEVELOPMENT_TEAM = N2BXQ7CV7S;
				ENABLE_PREVIEWS = YES;
				GENERATE_INFOPLIST_FILE = YES;
				INFOPLIST_FILE = OzFair/Info.plist;
				INFOPLIST_KEY_UIApplicationSceneManifest_Generation = YES;
				INFOPLIST_KEY_UIApplicationSupportsIndirectInputEvents = YES;
				INFOPLIST_KEY_UILaunchScreen_Generation = YES;
				INFOPLIST_KEY_UISupportedInterfaceOrientations_iPad = "UIInterfaceOrientationPortrait UIInterfaceOrientationPortraitUpsideDown UIInterfaceOrientationLandscapeLeft UIInterfaceOrientationLandscapeRight";
				INFOPLIST_KEY_UISupportedInterfaceOrientations_iPhone = "UIInterfaceOrientationPortrait UIInterfaceOrientationLandscapeLeft UIInterfaceOrientationLandscapeRight";
				IPHONEOS_DEPLOYMENT_TARGET = 15.6;
				LD_RUNPATH_SEARCH_PATHS = (
					"$(inherited)",
					"@executable_path/Frameworks",
				);
				MARKETING_VERSION = 1.0;
				PRODUCT_BUNDLE_IDENTIFIER = com.uts.OzFair.OzFair;
				PRODUCT_NAME = "$(TARGET_NAME)";
				SWIFT_EMIT_LOC_STRINGS = YES;
				SWIFT_VERSION = 5.0;
				TARGETED_DEVICE_FAMILY = "1,2";
			};
			name = Debug;
		};
		5D0349B82A090B3800D5E43D /* Release */ = {
			isa = XCBuildConfiguration;
			baseConfigurationReference = BED5D49CEF0DF812FA9C069A /* Pods-OzFair.release.xcconfig */;
			buildSettings = {
				ASSETCATALOG_COMPILER_APPICON_NAME = AppIcon;
				ASSETCATALOG_COMPILER_GLOBAL_ACCENT_COLOR_NAME = AccentColor;
				CODE_SIGN_STYLE = Automatic;
				CURRENT_PROJECT_VERSION = 1;
				DEVELOPMENT_ASSET_PATHS = "\"OzFair/Preview Content\"";
				DEVELOPMENT_TEAM = N2BXQ7CV7S;
				ENABLE_PREVIEWS = YES;
				GENERATE_INFOPLIST_FILE = YES;
				INFOPLIST_FILE = OzFair/Info.plist;
				INFOPLIST_KEY_UIApplicationSceneManifest_Generation = YES;
				INFOPLIST_KEY_UIApplicationSupportsIndirectInputEvents = YES;
				INFOPLIST_KEY_UILaunchScreen_Generation = YES;
				INFOPLIST_KEY_UISupportedInterfaceOrientations_iPad = "UIInterfaceOrientationPortrait UIInterfaceOrientationPortraitUpsideDown UIInterfaceOrientationLandscapeLeft UIInterfaceOrientationLandscapeRight";
				INFOPLIST_KEY_UISupportedInterfaceOrientations_iPhone = "UIInterfaceOrientationPortrait UIInterfaceOrientationLandscapeLeft UIInterfaceOrientationLandscapeRight";
				IPHONEOS_DEPLOYMENT_TARGET = 15.6;
				LD_RUNPATH_SEARCH_PATHS = (
					"$(inherited)",
					"@executable_path/Frameworks",
				);
				MARKETING_VERSION = 1.0;
				PRODUCT_BUNDLE_IDENTIFIER = com.uts.OzFair.OzFair;
				PRODUCT_NAME = "$(TARGET_NAME)";
				SWIFT_EMIT_LOC_STRINGS = YES;
				SWIFT_VERSION = 5.0;
				TARGETED_DEVICE_FAMILY = "1,2";
			};
			name = Release;
		};
/* End XCBuildConfiguration section */

/* Begin XCConfigurationList section */
		5D0349A32A090B3700D5E43D /* Build configuration list for PBXProject "OzFair" */ = {
			isa = XCConfigurationList;
			buildConfigurations = (
				5D0349B42A090B3800D5E43D /* Debug */,
				5D0349B52A090B3800D5E43D /* Release */,
			);
			defaultConfigurationIsVisible = 0;
			defaultConfigurationName = Release;
		};
		5D0349B62A090B3800D5E43D /* Build configuration list for PBXNativeTarget "OzFair" */ = {
			isa = XCConfigurationList;
			buildConfigurations = (
				5D0349B72A090B3800D5E43D /* Debug */,
				5D0349B82A090B3800D5E43D /* Release */,
			);
			defaultConfigurationIsVisible = 0;
			defaultConfigurationName = Release;
		};
/* End XCConfigurationList section */
	};
	rootObject = 5D0349A02A090B3700D5E43D /* Project object */;
}
